<?xml version="1.0" encoding="utf-8"?>
<Project ToolsVersion="4.0" xmlns="http://schemas.microsoft.com/developer/msbuild/2003">
  <ItemGroup>
    <ClCompile Include="Engine\Engine.cpp">
      <Filter>Engine</Filter>
    </ClCompile>
    <ClCompile Include="AudioManager\AudioManager.cpp">
      <Filter>AudioManager</Filter>
    </ClCompile>
    <ClCompile Include="AudioManager\Audio\Audio.cpp">
      <Filter>AudioManager\Audio</Filter>
    </ClCompile>
    <ClCompile Include="Input\Gamepad\Gamepad.cpp">
      <Filter>Input\Gamepad</Filter>
    </ClCompile>
    <ClCompile Include="Input\KeyInput\KeyInput.cpp">
      <Filter>Input\KeyInput</Filter>
    </ClCompile>
    <ClCompile Include="Input\Mouse\Mouse.cpp">
      <Filter>Input\Mouse</Filter>
    </ClCompile>
    <ClCompile Include="Drawers\Line\Line.cpp">
      <Filter>Drawers\Line</Filter>
    </ClCompile>
    <ClCompile Include="Drawers\Model\Model.cpp">
      <Filter>Drawers\Model</Filter>
    </ClCompile>
    <ClCompile Include="Drawers\PeraRender\PeraRender.cpp">
      <Filter>Drawers\PeraRender</Filter>
    </ClCompile>
    <ClCompile Include="Drawers\Texture2D\Texture2D.cpp">
      <Filter>Drawers\Texture2D</Filter>
    </ClCompile>
    <ClCompile Include="Drawers\StringOut\StringOut.cpp">
      <Filter>Drawers\StringOut</Filter>
    </ClCompile>
    <ClCompile Include="Utils\CsvLoad\CsvLoad.cpp">
      <Filter>Utils\CsvLoad</Filter>
    </ClCompile>
    <ClCompile Include="Input\Input.cpp">
      <Filter>Input</Filter>
    </ClCompile>
    <ClCompile Include="Utils\ConvertString\ConvertString.cpp">
      <Filter>Utils\ConvertString</Filter>
    </ClCompile>
    <ClCompile Include="Utils\UtilsLib\UtilsLib.cpp">
      <Filter>Utils\UtilsLib</Filter>
    </ClCompile>
    <ClCompile Include="Drawers\Particle\Particle.cpp">
      <Filter>Drawers\Particle</Filter>
    </ClCompile>
    <ClCompile Include="Utils\ExecutionLog\ExecutionLog.cpp">
      <Filter>Utils\ExecutionLog</Filter>
    </ClCompile>
    <ClCompile Include="Engine\Core\DescriptorHeap\CbvSrvUavHeap.cpp">
      <Filter>Engine\Core\DescriptorHeap</Filter>
    </ClCompile>
    <ClCompile Include="Engine\Core\DescriptorHeap\DescriptorHeap.cpp">
      <Filter>Engine\Core\DescriptorHeap</Filter>
    </ClCompile>
    <ClCompile Include="Engine\Core\DescriptorHeap\RtvHeap.cpp">
      <Filter>Engine\Core\DescriptorHeap</Filter>
    </ClCompile>
    <ClCompile Include="Engine\Core\DirectXDevice\DirectXDevice.cpp">
      <Filter>Engine\Core\DirectXDevice</Filter>
    </ClCompile>
    <ClCompile Include="Engine\Core\StringOutPutManager\StringOutPutManager.cpp">
      <Filter>Engine\Core\StringOutPutManager</Filter>
    </ClCompile>
    <ClCompile Include="Engine\Graphics\PipelineManager\Pipeline\Pipeline.cpp">
      <Filter>Engine\Graphics\PipelineManager\Pipeline</Filter>
    </ClCompile>
    <ClCompile Include="Engine\Graphics\PipelineManager\PipelineManager.cpp">
      <Filter>Engine\Graphics\PipelineManager</Filter>
    </ClCompile>
    <ClCompile Include="Engine\Graphics\RenderTarget\RenderTarget.cpp">
      <Filter>Engine\Graphics\RenderTarget</Filter>
    </ClCompile>
    <ClCompile Include="Engine\Graphics\RootSignature\RootSignature.cpp">
      <Filter>Engine\Graphics\RootSignature</Filter>
    </ClCompile>
    <ClCompile Include="Engine\EngineUtils\ErrorCheck\ErrorCheck.cpp">
      <Filter>Engine\EngineUtils\ErrorCheck</Filter>
    </ClCompile>
    <ClCompile Include="Engine\EngineUtils\FrameInfo\FrameInfo.cpp">
      <Filter>Engine\EngineUtils\FrameInfo</Filter>
    </ClCompile>
    <ClCompile Include="Utils\Random\Random.cpp">
      <Filter>Utils\Random</Filter>
    </ClCompile>
    <ClCompile Include="Utils\Flg\Flg.cpp">
      <Filter>Utils\Flg</Filter>
    </ClCompile>
    <ClCompile Include="Utils\ScreenOut\ScreenOut.cpp">
      <Filter>Utils\ScreenOut</Filter>
    </ClCompile>
    <ClCompile Include="Engine\Core\WindowFactory\WindowFactory.cpp">
      <Filter>Engine\Core\WindowFactory</Filter>
    </ClCompile>
    <ClCompile Include="Engine\Core\DirectXCommand\DirectXCommand.cpp">
      <Filter>Engine\Core\DirectXCommand</Filter>
    </ClCompile>
    <ClCompile Include="Engine\Core\DirectXSwapChain\DirectXSwapChain.cpp">
      <Filter>Engine\Core\DirectXSwapChain</Filter>
    </ClCompile>
    <ClCompile Include="Engine\Graphics\DepthBuffer\DepthBuffer.cpp">
      <Filter>Engine\Graphics\DepthBuffer</Filter>
    </ClCompile>
    <ClCompile Include="Engine\Core\DescriptorHeap\DsvHeap.cpp">
      <Filter>Engine\Core\DescriptorHeap</Filter>
    </ClCompile>
    <ClCompile Include="Engine\Core\ImGuiManager\ImGuiManager.cpp">
      <Filter>Engine\Core\ImGuiManager</Filter>
    </ClCompile>
    <ClCompile Include="Utils\Easing\Easing.cpp">
      <Filter>Utils\Easing</Filter>
    </ClCompile>
    <ClCompile Include="Utils\EngineInfo\EngineInfo.cpp">
      <Filter>Utils\EngineInfo</Filter>
    </ClCompile>
    <ClCompile Include="Engine\EngineUtils\FlgManager\FlgManager.cpp">
      <Filter>Engine\EngineUtils\FlgManager</Filter>
    </ClCompile>
    <ClCompile Include="Engine\Graphics\Shader\ShaderManager\ShaderManager.cpp">
      <Filter>Engine\Graphics\Shader\ShaderManager</Filter>
    </ClCompile>
    <ClCompile Include="Engine\Graphics\Shader\ShaderFactory\ShaderFactory.cpp">
      <Filter>Engine\Graphics\Shader\ShaderFactory</Filter>
    </ClCompile>
    <ClCompile Include="Engine\Graphics\TextureManager\TextureManager.cpp">
      <Filter>Engine\Graphics\TextureManager</Filter>
    </ClCompile>
    <ClCompile Include="Engine\Graphics\TextureManager\Texture\Texture.cpp">
      <Filter>Engine\Graphics\TextureManager\Texture</Filter>
    </ClCompile>
    <ClCompile Include="Engine\Graphics\MeshManager\MeshManager.cpp">
      <Filter>Engine\Graphics\MeshManager</Filter>
    </ClCompile>
    <ClCompile Include="Engine\Graphics\MeshManager\Mesh\Mesh.cpp">
      <Filter>Engine\Graphics\MeshManager\Mesh</Filter>
    </ClCompile>
    <ClCompile Include="Math\Mat4x4.cpp">
      <Filter>Math</Filter>
    </ClCompile>
    <ClCompile Include="Math\Quaternion.cpp">
      <Filter>Math</Filter>
    </ClCompile>
    <ClCompile Include="Math\Vector2.cpp">
      <Filter>Math</Filter>
    </ClCompile>
    <ClCompile Include="Math\Vector3.cpp">
      <Filter>Math</Filter>
    </ClCompile>
    <ClCompile Include="Math\Vector4.cpp">
      <Filter>Math</Filter>
    </ClCompile>
    <ClCompile Include="Framework\Framework.cpp">
      <Filter>Framework</Filter>
    </ClCompile>
    <ClCompile Include="Engine\Graphics\PipelineObject\PipelineObject.cpp">
      <Filter>Engine\Graphics\PipelineObject</Filter>
    </ClCompile>
    <ClCompile Include="Engine\Graphics\PipelineObject\WaterPipeline\WaterPipeline.cpp">
      <Filter>Engine\Graphics\PipelineObject\WaterPipeline</Filter>
    </ClCompile>
    <ClCompile Include="Engine\Graphics\PipelineObject\PeraPipeline\PeraPipeline.cpp">
      <Filter>Engine\Graphics\PipelineObject\PeraPipeline</Filter>
    </ClCompile>
    <ClCompile Include="Drawers\BaseDrawer.cpp">
      <Filter>Drawers</Filter>
    </ClCompile>
    <ClCompile Include="Engine\Graphics\ResourceManager\ResourceManager.cpp">
      <Filter>Engine\Graphics\ResourceManager</Filter>
    </ClCompile>
    <ClCompile Include="Engine\Graphics\PipelineObject\CloudPipeline\CloudPipeline.cpp">
      <Filter>Engine\Graphics\PipelineObject\CloudPipeline</Filter>
    </ClCompile>
  </ItemGroup>
  <ItemGroup>
    <Filter Include="Engine">
      <UniqueIdentifier>{d3b2314c-5abb-4996-9d77-ddedf3938121}</UniqueIdentifier>
    </Filter>
    <Filter Include="AudioManager">
      <UniqueIdentifier>{2487b7fc-0f80-433c-af4a-03b5842ec259}</UniqueIdentifier>
    </Filter>
    <Filter Include="AudioManager\Audio">
      <UniqueIdentifier>{7d34ec95-2a47-42f6-93fb-23ebe8cc0e42}</UniqueIdentifier>
    </Filter>
    <Filter Include="Drawers">
      <UniqueIdentifier>{13568cd3-f8d9-4f82-a4be-021ef5239ea6}</UniqueIdentifier>
    </Filter>
    <Filter Include="Drawers\Texture2D">
      <UniqueIdentifier>{192c5cda-f43f-40d2-9f13-b9f849327730}</UniqueIdentifier>
    </Filter>
    <Filter Include="Drawers\Model">
      <UniqueIdentifier>{75878dc3-228d-4f78-a159-c89a43ffafe2}</UniqueIdentifier>
    </Filter>
    <Filter Include="Drawers\Line">
      <UniqueIdentifier>{17a37595-e9f9-42e9-9496-d637dc153066}</UniqueIdentifier>
    </Filter>
    <Filter Include="Drawers\PeraRender">
      <UniqueIdentifier>{9f8d179a-c3cd-4256-8e00-4a3389c927d7}</UniqueIdentifier>
    </Filter>
    <Filter Include="Input">
      <UniqueIdentifier>{2c0b204b-f97b-4c0f-998a-577cdd645955}</UniqueIdentifier>
    </Filter>
    <Filter Include="Input\Gamepad">
      <UniqueIdentifier>{5ba5205c-920a-4591-82c3-2c13db824148}</UniqueIdentifier>
    </Filter>
    <Filter Include="Input\KeyInput">
      <UniqueIdentifier>{54cbf6cd-6d5d-4737-917a-4febfd4a8d56}</UniqueIdentifier>
    </Filter>
    <Filter Include="Input\Mouse">
      <UniqueIdentifier>{840634f8-e2bb-40d7-a128-78abed2ce12a}</UniqueIdentifier>
    </Filter>
    <Filter Include="Drawers\StringOut">
      <UniqueIdentifier>{8f6f9f0d-e177-4c18-b9a0-cab1926af85b}</UniqueIdentifier>
    </Filter>
    <Filter Include="Utils">
      <UniqueIdentifier>{42aaa316-1089-4ab2-ba8d-4be0f3334763}</UniqueIdentifier>
    </Filter>
    <Filter Include="Utils\ConvertString">
      <UniqueIdentifier>{5a7a3057-cf34-4af9-a2fc-9484d57e4dd8}</UniqueIdentifier>
    </Filter>
    <Filter Include="Utils\UtilsLib">
      <UniqueIdentifier>{c6f84b96-4130-443c-b4b7-b47e1dc84f27}</UniqueIdentifier>
    </Filter>
    <Filter Include="Drawers\Particle">
      <UniqueIdentifier>{81d2d594-ca17-412f-85ce-bbbad35d144c}</UniqueIdentifier>
    </Filter>
    <Filter Include="Utils\ExecutionLog">
      <UniqueIdentifier>{68109607-fdfe-4fef-9345-8ea31bbf59bd}</UniqueIdentifier>
    </Filter>
    <Filter Include="Utils\CsvLoad">
      <UniqueIdentifier>{0801bfcf-a0f8-4f86-b79a-283b0de7cdd3}</UniqueIdentifier>
    </Filter>
    <Filter Include="Engine\Core">
      <UniqueIdentifier>{078e13f7-3a71-446c-96c7-2c855798a9b8}</UniqueIdentifier>
    </Filter>
    <Filter Include="Engine\Core\DirectXDevice">
      <UniqueIdentifier>{fc72a1ac-b158-4732-9c50-43f6c06d90e9}</UniqueIdentifier>
    </Filter>
    <Filter Include="Engine\Core\StringOutPutManager">
      <UniqueIdentifier>{c49edcd7-143e-4434-89cf-60c735de3979}</UniqueIdentifier>
    </Filter>
    <Filter Include="Engine\Core\DescriptorHeap">
      <UniqueIdentifier>{5325ce8c-6115-444a-84db-472a18839f17}</UniqueIdentifier>
    </Filter>
    <Filter Include="Engine\Graphics">
      <UniqueIdentifier>{75876d02-38c8-4935-bc29-34082def36ca}</UniqueIdentifier>
    </Filter>
    <Filter Include="Engine\Graphics\PipelineManager">
      <UniqueIdentifier>{aef4978c-e692-4066-935c-3e9860805d1d}</UniqueIdentifier>
    </Filter>
    <Filter Include="Engine\Graphics\PipelineManager\Pipeline">
      <UniqueIdentifier>{5aa3bff6-a3f3-4517-bc62-2b54b5734cbd}</UniqueIdentifier>
    </Filter>
    <Filter Include="Engine\Graphics\RenderTarget">
      <UniqueIdentifier>{ece16fea-31ac-410e-9402-f17c929ef028}</UniqueIdentifier>
    </Filter>
    <Filter Include="Engine\Graphics\RootSignature">
      <UniqueIdentifier>{e940fd55-6a3e-4764-ba45-668507747c4f}</UniqueIdentifier>
    </Filter>
    <Filter Include="Engine\Buffer">
      <UniqueIdentifier>{5d636698-24e8-45ca-88be-eda0819a5048}</UniqueIdentifier>
    </Filter>
    <Filter Include="Engine\Buffer\ConstBuffer">
      <UniqueIdentifier>{e59427f8-55ba-46bf-b8a3-e4974976afc4}</UniqueIdentifier>
    </Filter>
    <Filter Include="Engine\Buffer\StructuredBuffer">
      <UniqueIdentifier>{e1e79296-6a53-46cd-ad47-5079058ad278}</UniqueIdentifier>
    </Filter>
    <Filter Include="Engine\EngineUtils">
      <UniqueIdentifier>{997bda52-41c6-4af8-b118-8f4683630383}</UniqueIdentifier>
    </Filter>
    <Filter Include="Engine\EngineUtils\ErrorCheck">
      <UniqueIdentifier>{a8ce4ac6-d6d6-46ea-aa47-a5463509a0f9}</UniqueIdentifier>
    </Filter>
    <Filter Include="Engine\EngineUtils\FrameInfo">
      <UniqueIdentifier>{0b450b74-986a-4b3d-9a34-b57d457b62d0}</UniqueIdentifier>
    </Filter>
    <Filter Include="Utils\Random">
      <UniqueIdentifier>{a6b1a7fc-44db-494f-887b-b5bd46a2f7c3}</UniqueIdentifier>
    </Filter>
    <Filter Include="Utils\Flg">
      <UniqueIdentifier>{8a74e60d-02ab-49cd-b758-52783946efb1}</UniqueIdentifier>
    </Filter>
    <Filter Include="Utils\ScreenOut">
      <UniqueIdentifier>{e20685bc-e5ff-4b6a-897a-0cd31371c1f9}</UniqueIdentifier>
    </Filter>
    <Filter Include="Engine\Core\WindowFactory">
      <UniqueIdentifier>{b53c25de-314b-4648-8852-e97c158f0275}</UniqueIdentifier>
    </Filter>
    <Filter Include="Engine\Core\DirectXCommand">
      <UniqueIdentifier>{be0077c5-c2fa-4ca9-b94d-3d2fbf6f218e}</UniqueIdentifier>
    </Filter>
    <Filter Include="Engine\Core\DirectXSwapChain">
      <UniqueIdentifier>{eb906240-8377-437b-adf2-c82c6e30d4d8}</UniqueIdentifier>
    </Filter>
    <Filter Include="Engine\Graphics\DepthBuffer">
      <UniqueIdentifier>{acd3416a-219a-4a0f-b725-6643048c704d}</UniqueIdentifier>
    </Filter>
    <Filter Include="Utils\SafeDelete">
      <UniqueIdentifier>{94134e6e-da45-45f9-b920-bf5e3ae5f7af}</UniqueIdentifier>
    </Filter>
    <Filter Include="Utils\Cocepts">
      <UniqueIdentifier>{d34d4eed-7ec5-4e6e-a6d6-e19ad5846855}</UniqueIdentifier>
    </Filter>
    <Filter Include="Engine\Core\ImGuiManager">
      <UniqueIdentifier>{d6d93ca6-1ebb-4ead-ad68-07b252c618a4}</UniqueIdentifier>
    </Filter>
    <Filter Include="Utils\Easing">
      <UniqueIdentifier>{1dc7052e-fce1-4542-b5fb-a5f223d204de}</UniqueIdentifier>
    </Filter>
    <Filter Include="Utils\EngineInfo">
      <UniqueIdentifier>{43053c56-0360-4ba5-903a-08a26af29cde}</UniqueIdentifier>
    </Filter>
    <Filter Include="Engine\EngineUtils\FlgManager">
      <UniqueIdentifier>{a2e5192d-ba59-4283-8ae9-56cbc98d6efc}</UniqueIdentifier>
    </Filter>
    <Filter Include="Engine\Graphics\Shader">
      <UniqueIdentifier>{20199357-248d-4de0-8174-650a6997b5ea}</UniqueIdentifier>
    </Filter>
    <Filter Include="Engine\Graphics\Shader\ShaderManager">
      <UniqueIdentifier>{e9f17783-c021-4323-ae3b-d9f04d63298d}</UniqueIdentifier>
    </Filter>
    <Filter Include="Engine\Graphics\Shader\ShaderFactory">
      <UniqueIdentifier>{5f7e1038-27c5-404e-8914-287c680dd589}</UniqueIdentifier>
    </Filter>
    <Filter Include="Engine\Graphics\MeshManager">
      <UniqueIdentifier>{e3b837b9-c45b-439a-98d3-36af6cb3ea8e}</UniqueIdentifier>
    </Filter>
    <Filter Include="Engine\Graphics\MeshManager\Mesh">
      <UniqueIdentifier>{32d082aa-0e85-4ef4-b2d9-1c07a678fc69}</UniqueIdentifier>
    </Filter>
    <Filter Include="Engine\Graphics\TextureManager">
      <UniqueIdentifier>{1336c590-e855-4d4f-92b9-fa2698582835}</UniqueIdentifier>
    </Filter>
    <Filter Include="Engine\Graphics\TextureManager\Texture">
      <UniqueIdentifier>{5c638997-6f2b-4dd7-9e5b-0d6092ae02f0}</UniqueIdentifier>
    </Filter>
    <Filter Include="Math">
      <UniqueIdentifier>{f4d2bb2b-5300-4906-bcac-3c4a0124dcf7}</UniqueIdentifier>
    </Filter>
    <Filter Include="Error">
      <UniqueIdentifier>{89dc16ed-3ed4-40e0-b34e-752af2811991}</UniqueIdentifier>
    </Filter>
    <Filter Include="Framework">
      <UniqueIdentifier>{78585073-0027-4de9-838a-35e5a2880153}</UniqueIdentifier>
    </Filter>
    <Filter Include="Engine\EngineUtils\LambPtr">
      <UniqueIdentifier>{685001fb-5c52-43ec-bceb-9e1ae9b279df}</UniqueIdentifier>
    </Filter>
    <Filter Include="Engine\Graphics\PipelineObject">
      <UniqueIdentifier>{66d80ced-8ef5-46f0-ba3a-0d1f3f777498}</UniqueIdentifier>
    </Filter>
    <Filter Include="Engine\Graphics\PipelineObject\WaterPipeline">
      <UniqueIdentifier>{bdf75616-892b-4ee7-bcc0-2e4c1686180f}</UniqueIdentifier>
    </Filter>
    <Filter Include="Engine\Graphics\PipelineObject\PeraPipeline">
      <UniqueIdentifier>{4fd0d217-6bd2-4ca7-8592-5b493248756a}</UniqueIdentifier>
    </Filter>
    <Filter Include="Engine\Graphics\ResourceManager">
      <UniqueIdentifier>{d8d8caf8-64d7-4a93-9916-e560c82ff737}</UniqueIdentifier>
    </Filter>
    <Filter Include="Engine\Graphics\PipelineObject\CloudPipeline">
      <UniqueIdentifier>{5a6f62f6-9b81-4403-a912-610eb20e5551}</UniqueIdentifier>
    </Filter>
  </ItemGroup>
  <ItemGroup>
    <ClInclude Include="Engine\Engine.h">
      <Filter>Engine</Filter>
    </ClInclude>
    <ClInclude Include="AudioManager\AudioManager.h">
      <Filter>AudioManager</Filter>
    </ClInclude>
    <ClInclude Include="AudioManager\Audio\Audio.h">
      <Filter>AudioManager\Audio</Filter>
    </ClInclude>
    <ClInclude Include="Input\Gamepad\Gamepad.h">
      <Filter>Input\Gamepad</Filter>
    </ClInclude>
    <ClInclude Include="Input\KeyInput\KeyInput.h">
      <Filter>Input\KeyInput</Filter>
    </ClInclude>
    <ClInclude Include="Input\Mouse\Mouse.h">
      <Filter>Input\Mouse</Filter>
    </ClInclude>
    <ClInclude Include="Drawers\Line\Line.h">
      <Filter>Drawers\Line</Filter>
    </ClInclude>
    <ClInclude Include="Drawers\Model\Model.h">
      <Filter>Drawers\Model</Filter>
    </ClInclude>
    <ClInclude Include="Drawers\PeraRender\PeraRender.h">
      <Filter>Drawers\PeraRender</Filter>
    </ClInclude>
    <ClInclude Include="Drawers\Texture2D\Texture2D.h">
      <Filter>Drawers\Texture2D</Filter>
    </ClInclude>
    <ClInclude Include="Drawers\StringOut\StringOut.h">
      <Filter>Drawers\StringOut</Filter>
    </ClInclude>
    <ClInclude Include="Utils\CsvLoad\CsvLoad.h">
      <Filter>Utils\CsvLoad</Filter>
    </ClInclude>
    <ClInclude Include="Input\Input.h">
      <Filter>Input</Filter>
    </ClInclude>
    <ClInclude Include="Utils\ConvertString\ConvertString.h">
      <Filter>Utils\ConvertString</Filter>
    </ClInclude>
    <ClInclude Include="Utils\UtilsLib\UtilsLib.h">
      <Filter>Utils\UtilsLib</Filter>
    </ClInclude>
    <ClInclude Include="Drawers\Particle\Particle.h">
      <Filter>Drawers\Particle</Filter>
    </ClInclude>
    <ClInclude Include="Utils\ExecutionLog\ExecutionLog.h">
      <Filter>Utils\ExecutionLog</Filter>
    </ClInclude>
    <ClInclude Include="Engine\Core\DescriptorHeap\CbvSrvUavHeap.h">
      <Filter>Engine\Core\DescriptorHeap</Filter>
    </ClInclude>
    <ClInclude Include="Engine\Core\DescriptorHeap\DescriptorHeap.h">
      <Filter>Engine\Core\DescriptorHeap</Filter>
    </ClInclude>
    <ClInclude Include="Engine\Core\DescriptorHeap\RtvHeap.h">
      <Filter>Engine\Core\DescriptorHeap</Filter>
    </ClInclude>
    <ClInclude Include="Engine\Core\DirectXDevice\DirectXDevice.h">
      <Filter>Engine\Core\DirectXDevice</Filter>
    </ClInclude>
    <ClInclude Include="Engine\Core\StringOutPutManager\StringOutPutManager.h">
      <Filter>Engine\Core\StringOutPutManager</Filter>
    </ClInclude>
    <ClInclude Include="Engine\Graphics\PipelineManager\Pipeline\Pipeline.h">
      <Filter>Engine\Graphics\PipelineManager\Pipeline</Filter>
    </ClInclude>
    <ClInclude Include="Engine\Graphics\PipelineManager\PipelineManager.h">
      <Filter>Engine\Graphics\PipelineManager</Filter>
    </ClInclude>
    <ClInclude Include="Engine\Graphics\RenderTarget\RenderTarget.h">
      <Filter>Engine\Graphics\RenderTarget</Filter>
    </ClInclude>
    <ClInclude Include="Engine\Graphics\RootSignature\RootSignature.h">
      <Filter>Engine\Graphics\RootSignature</Filter>
    </ClInclude>
    <ClInclude Include="Engine\Buffer\ConstBuffer\ConstBuffer.h">
      <Filter>Engine\Buffer\ConstBuffer</Filter>
    </ClInclude>
    <ClInclude Include="Engine\Buffer\StructuredBuffer\StructuredBuffer.h">
      <Filter>Engine\Buffer\StructuredBuffer</Filter>
    </ClInclude>
    <ClInclude Include="Engine\EngineUtils\ErrorCheck\ErrorCheck.h">
      <Filter>Engine\EngineUtils\ErrorCheck</Filter>
    </ClInclude>
    <ClInclude Include="Engine\EngineUtils\FrameInfo\FrameInfo.h">
      <Filter>Engine\EngineUtils\FrameInfo</Filter>
    </ClInclude>
    <ClInclude Include="Utils\Random\Random.h">
      <Filter>Utils\Random</Filter>
    </ClInclude>
    <ClInclude Include="Utils\Flg\Flg.h">
      <Filter>Utils\Flg</Filter>
    </ClInclude>
    <ClInclude Include="Utils\ScreenOut\ScreenOut.h">
      <Filter>Utils\ScreenOut</Filter>
    </ClInclude>
    <ClInclude Include="Engine\Core\WindowFactory\WindowFactory.h">
      <Filter>Engine\Core\WindowFactory</Filter>
    </ClInclude>
    <ClInclude Include="Engine\Core\DirectXCommand\DirectXCommand.h">
      <Filter>Engine\Core\DirectXCommand</Filter>
    </ClInclude>
    <ClInclude Include="Engine\Core\DirectXSwapChain\DirectXSwapChain.h">
      <Filter>Engine\Core\DirectXSwapChain</Filter>
    </ClInclude>
    <ClInclude Include="Engine\Graphics\DepthBuffer\DepthBuffer.h">
      <Filter>Engine\Graphics\DepthBuffer</Filter>
    </ClInclude>
    <ClInclude Include="Engine\Core\DescriptorHeap\DsvHeap.h">
      <Filter>Engine\Core\DescriptorHeap</Filter>
    </ClInclude>
    <ClInclude Include="Utils\SafeDelete\SafeDelete.h">
      <Filter>Utils\SafeDelete</Filter>
    </ClInclude>
    <ClInclude Include="Utils\Cocepts\Cocepts.h">
      <Filter>Utils\Cocepts</Filter>
    </ClInclude>
    <ClInclude Include="Engine\Core\ImGuiManager\ImGuiManager.h">
      <Filter>Engine\Core\ImGuiManager</Filter>
    </ClInclude>
    <ClInclude Include="Utils\Easing\Easing.h">
      <Filter>Utils\Easing</Filter>
    </ClInclude>
    <ClInclude Include="Utils\EngineInfo\EngineInfo.h">
      <Filter>Utils\EngineInfo</Filter>
    </ClInclude>
    <ClInclude Include="Engine\EngineUtils\FlgManager\FlgManager.h">
      <Filter>Engine\EngineUtils\FlgManager</Filter>
    </ClInclude>
    <ClInclude Include="Engine\Graphics\Shader\ShaderManager\ShaderManager.h">
      <Filter>Engine\Graphics\Shader\ShaderManager</Filter>
    </ClInclude>
    <ClInclude Include="Engine\Graphics\Shader\ShaderFactory\ShaderFactory.h">
      <Filter>Engine\Graphics\Shader\ShaderFactory</Filter>
    </ClInclude>
    <ClInclude Include="Engine\Graphics\TextureManager\TextureManager.h">
      <Filter>Engine\Graphics\TextureManager</Filter>
    </ClInclude>
    <ClInclude Include="Engine\Graphics\TextureManager\Texture\Texture.h">
      <Filter>Engine\Graphics\TextureManager\Texture</Filter>
    </ClInclude>
    <ClInclude Include="Engine\Graphics\MeshManager\MeshManager.h">
      <Filter>Engine\Graphics\MeshManager</Filter>
    </ClInclude>
    <ClInclude Include="Engine\Graphics\MeshManager\Mesh\Mesh.h">
      <Filter>Engine\Graphics\MeshManager\Mesh</Filter>
    </ClInclude>
    <ClInclude Include="Math\Mat4x4.h">
      <Filter>Math</Filter>
    </ClInclude>
    <ClInclude Include="Math\Quaternion.h">
      <Filter>Math</Filter>
    </ClInclude>
    <ClInclude Include="Math\Vector2.h">
      <Filter>Math</Filter>
    </ClInclude>
    <ClInclude Include="Math\Vector3.h">
      <Filter>Math</Filter>
    </ClInclude>
    <ClInclude Include="Math\Vector4.h">
      <Filter>Math</Filter>
    </ClInclude>
    <ClInclude Include="Engine\Graphics\Shader\Shader.h">
      <Filter>Engine\Graphics\Shader</Filter>
    </ClInclude>
    <ClInclude Include="Error\Error.h">
      <Filter>Error</Filter>
    </ClInclude>
    <ClInclude Include="Framework\Framework.h">
      <Filter>Framework</Filter>
    </ClInclude>
    <ClInclude Include="Engine\EngineUtils\LambPtr\LambPtr.h">
      <Filter>Engine\EngineUtils\LambPtr</Filter>
    </ClInclude>
    <ClInclude Include="Engine\Graphics\PipelineObject\PipelineObject.h">
      <Filter>Engine\Graphics\PipelineObject</Filter>
    </ClInclude>
    <ClInclude Include="Engine\Graphics\PipelineObject\WaterPipeline\WaterPipeline.h">
      <Filter>Engine\Graphics\PipelineObject\WaterPipeline</Filter>
    </ClInclude>
    <ClInclude Include="Engine\Graphics\PipelineObject\PeraPipeline\PeraPipeline.h">
      <Filter>Engine\Graphics\PipelineObject\PeraPipeline</Filter>
    </ClInclude>
    <ClInclude Include="Drawers\BaseDrawer.h">
      <Filter>Drawers</Filter>
    </ClInclude>
    <ClInclude Include="Math\MathCommon.h">
      <Filter>Math</Filter>
    </ClInclude>
    <ClInclude Include="Engine\Core\DescriptorHeap\Descriptor.h">
      <Filter>Engine\Core\DescriptorHeap</Filter>
    </ClInclude>
    <ClInclude Include="Engine\Graphics\ResourceManager\ResourceManager.h">
      <Filter>Engine\Graphics\ResourceManager</Filter>
    </ClInclude>
    <ClInclude Include="Engine\Graphics\PipelineObject\CloudPipeline\CloudPipeline.h">
      <Filter>Engine\Graphics\PipelineObject\CloudPipeline</Filter>
    </ClInclude>
  </ItemGroup>
</Project>